
Microsoft Visual Studio Solution File, Format Version 12.00
# Visual Studio 2012
Project("{FAE04EC0-301F-11D3-BF4B-00C04F79EFBC}") = "PPE_Karate", "PPE_Karate\PPE_Karate.csproj", "{E7E26589-FEE4-4576-9922-6FBB06535567}"
EndProject
Global
	GlobalSection(SolutionConfigurationPlatforms) = preSolution
		Debug|Any CPU = Debug|Any CPU
		Release|Any CPU = Release|Any CPU
	EndGlobalSection
	GlobalSection(ProjectConfigurationPlatforms) = postSolution
		{E7E26589-FEE4-4576-9922-6FBB06535567}.Debug|Any CPU.ActiveCfg = Debug|Any CPU
		{E7E26589-FEE4-4576-9922-6FBB06535567}.Debug|Any CPU.Build.0 = Debug|Any CPU
		{E7E26589-FEE4-4576-9922-6FBB06535567}.Release|Any CPU.ActiveCfg = Release|Any CPU
		{E7E26589-FEE4-4576-9922-6FBB06535567}.Release|Any CPU.Build.0 = Release|Any CPU
	EndGlobalSection
	GlobalSection(SolutionProperties) = preSolution
		HideSolutionNode = FALSE
	EndGlobalSection
EndGlobal
